PODS:
  - XYIAPKit (1.0.1):
    - XYIAPKit/Core (= 1.0.1)
  - XYIAPKit/Core (1.0.1)
  - XYIAPKit/iTunesReceiptVerify (1.0.1):
    - XYIAPKit/Core
    - YYKit (= 1.0.9.1)
  - XYIAPKit/KeychainPersistence (1.0.1):
    - XYIAPKit/Core
  - XYIAPKit/UserDefaultPersistence (1.0.1):
    - XYIAPKit/Core
  - YYKit (1.0.9.1):
    - YYKit/no-arc (= 1.0.9.1)
  - YYKit/no-arc (1.0.9.1)

DEPENDENCIES:
  - XYIAPKit (from `../`)
  - XYIAPKit/Core (from `../`)
  - XYIAPKit/iTunesReceiptVerify (from `../`)
  - XYIAPKit/KeychainPersistence (from `../`)
  - XYIAPKit/UserDefaultPersistence (from `../`)

SPEC REPOS:
  "git@gitee.com:vgtime/VGTSpecs.git":
    - YYKit

EXTERNAL SOURCES:
  XYIAPKit:
    :path: "../"

SPEC CHECKSUMS:
  XYIAPKit: 6602ba647e5cb46452f5d65caa909d48ee994546
  YYKit: 44ace0f80c2afc1b5651cb403510698f84262a04

PODFILE CHECKSUM: 6b1c2c11318767af96614e7809548e08768c4001

COCOAPODS: 1.8.4
